{
  "name": "i18next-scanner-webpack",
  "version": "0.1.1",
  "lockfileVersion": 1,
  "requires": true,
  "dependencies": {
    "acorn": {
      "version": "5.7.2",
      "resolved": "https://registry.npmjs.org/acorn/-/acorn-5.7.2.tgz",
      "integrity": "sha512-cJrKCNcr2kv8dlDnbw+JPUGjHZzo4myaxOLmpOX8a+rgX94YeTcTMv/LFJUSByRpc+i4GgVnnhLxvMu/2Y+rqw=="
    },
    "acorn-jsx": {
      "version": "4.1.1",
      "resolved": "https://registry.npmjs.org/acorn-jsx/-/acorn-jsx-4.1.1.tgz",
      "integrity": "sha512-JY+iV6r+cO21KtntVvFkD+iqjtdpRUpGqKWgfkCdZq1R+kbreEl8EcdcJR4SmiIgsIQT33s6QzheQ9a275Q8xw==",
      "requires": {
        "acorn": "^5.0.3"
      }
    },
    "acorn-jsx-walk": {
      "version": "1.0.1",
      "resolved": "https://registry.npmjs.org/acorn-jsx-walk/-/acorn-jsx-walk-1.0.1.tgz",
      "integrity": "sha1-YSgD3Kn71c3HE0IF4S1noVEx7X4=",
      "requires": {
        "acorn-jsx": "^2.0.0"
      },
      "dependencies": {
        "acorn": {
          "version": "2.7.0",
          "resolved": "https://registry.npmjs.org/acorn/-/acorn-2.7.0.tgz",
          "integrity": "sha1-q259nYhqrKiwhbwzEreaGYQz8Oc="
        },
        "acorn-jsx": {
          "version": "2.0.1",
          "resolved": "https://registry.npmjs.org/acorn-jsx/-/acorn-jsx-2.0.1.tgz",
          "integrity": "sha1-Dt+YeKWGa8piX1KVWh7Z59jFEX4=",
          "requires": {
            "acorn": "^2.0.1"
          }
        }
      }
    },
    "ansi-styles": {
      "version": "3.2.1",
      "resolved": "https://registry.npmjs.org/ansi-styles/-/ansi-styles-3.2.1.tgz",
      "integrity": "sha512-VT0ZI6kZRdTh8YyJw3SMbYm/u+NqfsAxEpWO0Pf9sq8/e94WxxOpPKx9FR1FlyCtOVDNOQ+8ntlqFxiRc+r5qA==",
      "requires": {
        "color-convert": "^1.9.0"
      }
    },
    "append-buffer": {
      "version": "1.0.2",
      "resolved": "https://registry.npmjs.org/append-buffer/-/append-buffer-1.0.2.tgz",
      "integrity": "sha1-2CIM9GYIFSXv6lBhTz3mUU36WPE=",
      "requires": {
        "buffer-equal": "^1.0.0"
      }
    },
    "arr-diff": {
      "version": "2.0.0",
      "resolved": "https://registry.npmjs.org/arr-diff/-/arr-diff-2.0.0.tgz",
      "integrity": "sha1-jzuCf5Vai9ZpaX5KQlasPOrjVs8=",
      "requires": {
        "arr-flatten": "^1.0.1"
      }
    },
    "arr-flatten": {
      "version": "1.1.0",
      "resolved": "https://registry.npmjs.org/arr-flatten/-/arr-flatten-1.1.0.tgz",
      "integrity": "sha512-L3hKV5R/p5o81R7O02IGnwpDmkp6E982XhtbuwSe3O4qOtMMMtodicASA1Cny2U+aCXcNpml+m4dPsvsJ3jatg=="
    },
    "array-unique": {
      "version": "0.2.1",
      "resolved": "https://registry.npmjs.org/array-unique/-/array-unique-0.2.1.tgz",
      "integrity": "sha1-odl8yvy8JiXMcPrc6zalDFiwGlM="
    },
    "balanced-match": {
      "version": "1.0.0",
      "resolved": "https://registry.npmjs.org/balanced-match/-/balanced-match-1.0.0.tgz",
      "integrity": "sha1-ibTRmasr7kneFk6gK4nORi1xt2c="
    },
    "brace-expansion": {
      "version": "1.1.11",
      "resolved": "https://registry.npmjs.org/brace-expansion/-/brace-expansion-1.1.11.tgz",
      "integrity": "sha512-iCuPHDFgrHX7H2vEI/5xpz07zSHB00TpugqhmYtVmMO6518mCuRMoOYFldEBl0g187ufozdaHgWKcYFb61qGiA==",
      "requires": {
        "balanced-match": "^1.0.0",
        "concat-map": "0.0.1"
      }
    },
    "braces": {
      "version": "1.8.5",
      "resolved": "https://registry.npmjs.org/braces/-/braces-1.8.5.tgz",
      "integrity": "sha1-uneWLhLf+WnWt2cR6RS3N4V79qc=",
      "requires": {
        "expand-range": "^1.8.1",
        "preserve": "^0.2.0",
        "repeat-element": "^1.1.2"
      }
    },
    "buffer-equal": {
      "version": "1.0.0",
      "resolved": "https://registry.npmjs.org/buffer-equal/-/buffer-equal-1.0.0.tgz",
      "integrity": "sha1-WWFrSYME1Var1GaWayLu2j7KX74="
    },
    "chalk": {
      "version": "2.4.1",
      "resolved": "https://registry.npmjs.org/chalk/-/chalk-2.4.1.tgz",
      "integrity": "sha512-ObN6h1v2fTJSmUXoS3nMQ92LbDK9be4TV+6G+omQlGJFdcUX5heKi1LZ1YnRMIgwTLEj3E24bT6tYni50rlCfQ==",
      "requires": {
        "ansi-styles": "^3.2.1",
        "escape-string-regexp": "^1.0.5",
        "supports-color": "^5.3.0"
      }
    },
    "clone": {
      "version": "2.1.2",
      "resolved": "https://registry.npmjs.org/clone/-/clone-2.1.2.tgz",
      "integrity": "sha1-G39Ln1kfHo+DZwQBYANFoCiHQ18="
    },
    "clone-buffer": {
      "version": "1.0.0",
      "resolved": "https://registry.npmjs.org/clone-buffer/-/clone-buffer-1.0.0.tgz",
      "integrity": "sha1-4+JbIHrE5wGvch4staFnksrD3Fg="
    },
    "clone-deep": {
      "version": "4.0.0",
      "resolved": "https://registry.npmjs.org/clone-deep/-/clone-deep-4.0.0.tgz",
      "integrity": "sha512-aNJ5/7Bz2IYBb7nIj34TLGk78lBXpXUgV9qsLngtTvJ9+scsZNnlU0OX2S2N4ax/sUQt7sDBkXiGjGJEmNbXOQ==",
      "requires": {
        "kind-of": "^6.0.2",
        "shallow-clone": "^3.0.0"
      }
    },
    "clone-stats": {
      "version": "1.0.0",
      "resolved": "https://registry.npmjs.org/clone-stats/-/clone-stats-1.0.0.tgz",
      "integrity": "sha1-s3gt/4u1R04Yuba/D9/ngvh3doA="
    },
    "cloneable-readable": {
      "version": "1.1.2",
      "resolved": "https://registry.npmjs.org/cloneable-readable/-/cloneable-readable-1.1.2.tgz",
      "integrity": "sha512-Bq6+4t+lbM8vhTs/Bef5c5AdEMtapp/iFb6+s4/Hh9MVTt8OLKH7ZOOZSCT+Ys7hsHvqv0GuMPJ1lnQJVHvxpg==",
      "requires": {
        "inherits": "^2.0.1",
        "process-nextick-args": "^2.0.0",
        "readable-stream": "^2.3.5"
      }
    },
    "color-convert": {
      "version": "1.9.2",
      "resolved": "https://registry.npmjs.org/color-convert/-/color-convert-1.9.2.tgz",
      "integrity": "sha512-3NUJZdhMhcdPn8vJ9v2UQJoH0qqoGUkYTgFEPZaPjEtwmmKUfNV46zZmgB2M5M4DCEQHMaCfWHCxiBflLm04Tg==",
      "requires": {
        "color-name": "1.1.1"
      }
    },
    "color-name": {
      "version": "1.1.1",
      "resolved": "https://registry.npmjs.org/color-name/-/color-name-1.1.1.tgz",
      "integrity": "sha1-SxQVMEz1ACjqgWQ2Q72C6gWANok="
    },
    "commander": {
      "version": "2.17.1",
      "resolved": "https://registry.npmjs.org/commander/-/commander-2.17.1.tgz",
      "integrity": "sha512-wPMUt6FnH2yzG95SA6mzjQOEKUU3aLaDEmzs1ti+1E9h+CsrZghRlqEM/EJ4KscsQVG8uNN4uVreUeT8+drlgg=="
    },
    "concat-map": {
      "version": "0.0.1",
      "resolved": "https://registry.npmjs.org/concat-map/-/concat-map-0.0.1.tgz",
      "integrity": "sha1-2Klr13/Wjfd5OnMDajug1UBdR3s="
    },
    "convert-source-map": {
      "version": "1.5.1",
      "resolved": "https://registry.npmjs.org/convert-source-map/-/convert-source-map-1.5.1.tgz",
      "integrity": "sha1-uCeAl7m8IpNl3lxiz1/K7YtVmeU="
    },
    "core-util-is": {
      "version": "1.0.2",
      "resolved": "https://registry.npmjs.org/core-util-is/-/core-util-is-1.0.2.tgz",
      "integrity": "sha1-tf1UIgqivFq1eqtxQMlAdUUDwac="
    },
    "deepmerge": {
      "version": "2.1.1",
      "resolved": "https://registry.npmjs.org/deepmerge/-/deepmerge-2.1.1.tgz",
      "integrity": "sha512-urQxA1smbLZ2cBbXbaYObM1dJ82aJ2H57A1C/Kklfh/ZN1bgH4G/n5KWhdNfOK11W98gqZfyYj7W4frJJRwA2w=="
    },
    "define-properties": {
      "version": "1.1.3",
      "resolved": "https://registry.npmjs.org/define-properties/-/define-properties-1.1.3.tgz",
      "integrity": "sha512-3MqfYKj2lLzdMSf8ZIZE/V+Zuy+BgD6f164e8K2w7dgnpKArBDerGYpM46IYYcjnkdPNMjPk9A6VFB8+3SKlXQ==",
      "requires": {
        "object-keys": "^1.0.12"
      }
    },
    "duplexify": {
      "version": "3.6.0",
      "resolved": "https://registry.npmjs.org/duplexify/-/duplexify-3.6.0.tgz",
      "integrity": "sha512-fO3Di4tBKJpYTFHAxTU00BcfWMY9w24r/x21a6rZRbsD/ToUgGxsMbiGRmB7uVAXeGKXD9MwiLZa5E97EVgIRQ==",
      "requires": {
        "end-of-stream": "^1.0.0",
        "inherits": "^2.0.1",
        "readable-stream": "^2.0.0",
        "stream-shift": "^1.0.0"
      }
    },
    "editions": {
      "version": "1.3.4",
      "resolved": "https://registry.npmjs.org/editions/-/editions-1.3.4.tgz",
      "integrity": "sha512-gzao+mxnYDzIysXKMQi/+M1mjy/rjestjg6OPoYTtI+3Izp23oiGZitsl9lPDPiTGXbcSIk1iJWhliSaglxnUg=="
    },
    "end-of-stream": {
      "version": "1.4.1",
      "resolved": "https://registry.npmjs.org/end-of-stream/-/end-of-stream-1.4.1.tgz",
      "integrity": "sha512-1MkrZNvWTKCaigbn+W15elq2BB/L22nqrSY5DKlo3X6+vclJm8Bb5djXJBmEX6fS3+zCh/F4VBK5Z2KxJt4s2Q==",
      "requires": {
        "once": "^1.4.0"
      }
    },
    "ensure-array": {
      "version": "1.0.0",
      "resolved": "https://registry.npmjs.org/ensure-array/-/ensure-array-1.0.0.tgz",
      "integrity": "sha512-A+3Ntl5WS+GjDnHtC67dKIjw+IoGoeFdNvjn3ZfKEmZgWUz0nxBPE4W52QMCbGZsat0VwWskD5T6AEpe3T2d1g=="
    },
    "eol": {
      "version": "0.9.1",
      "resolved": "https://registry.npmjs.org/eol/-/eol-0.9.1.tgz",
      "integrity": "sha512-Ds/TEoZjwggRoz/Q2O7SE3i4Jm66mqTDfmdHdq/7DKVk3bro9Q8h6WdXKdPqFLMoqxrDK5SVRzHVPOS6uuGtrg=="
    },
    "escape-string-regexp": {
      "version": "1.0.5",
      "resolved": "https://registry.npmjs.org/escape-string-regexp/-/escape-string-regexp-1.0.5.tgz",
      "integrity": "sha1-G2HAViGQqN/2rjuyzwIAyhMLhtQ="
    },
    "esprima": {
      "version": "4.0.1",
      "resolved": "https://registry.npmjs.org/esprima/-/esprima-4.0.1.tgz",
      "integrity": "sha512-eGuFFw7Upda+g4p+QHvnW0RyTX/SVeJBDM/gCtMARO0cLuT2HcEKnTPvhjV6aGeqrCB/sbNop0Kszm0jsaWU4A=="
    },
    "expand-brackets": {
      "version": "0.1.5",
      "resolved": "https://registry.npmjs.org/expand-brackets/-/expand-brackets-0.1.5.tgz",
      "integrity": "sha1-3wcoTjQqgHzXM6xa9yQR5YHRF3s=",
      "requires": {
        "is-posix-bracket": "^0.1.0"
      }
    },
    "expand-range": {
      "version": "1.8.2",
      "resolved": "https://registry.npmjs.org/expand-range/-/expand-range-1.8.2.tgz",
      "integrity": "sha1-opnv/TNf4nIeuujiV+x5ZE/IUzc=",
      "requires": {
        "fill-range": "^2.1.0"
      }
    },
    "extend": {
      "version": "3.0.2",
      "resolved": "https://registry.npmjs.org/extend/-/extend-3.0.2.tgz",
      "integrity": "sha512-fjquC59cD7CyW6urNXK0FBufkZcoiGG80wTuPujX590cB5Ttln20E2UB4S/WARVqhXffZl2LNgS+gQdPIIim/g=="
    },
    "extend-shallow": {
      "version": "2.0.1",
      "resolved": "https://registry.npmjs.org/extend-shallow/-/extend-shallow-2.0.1.tgz",
      "integrity": "sha1-Ua99YUrZqfYQ6huvu5idaxxWiQ8=",
      "requires": {
        "is-extendable": "^0.1.0"
      }
    },
    "extglob": {
      "version": "0.3.2",
      "resolved": "https://registry.npmjs.org/extglob/-/extglob-0.3.2.tgz",
      "integrity": "sha1-Lhj/PS9JqydlzskCPwEdqo2DSaE=",
      "requires": {
        "is-extglob": "^1.0.0"
      },
      "dependencies": {
        "is-extglob": {
          "version": "1.0.0",
          "resolved": "https://registry.npmjs.org/is-extglob/-/is-extglob-1.0.0.tgz",
          "integrity": "sha1-rEaBd8SUNAWgkvyPKXYMb/xiBsA="
        }
      }
    },
    "filename-regex": {
      "version": "2.0.1",
      "resolved": "https://registry.npmjs.org/filename-regex/-/filename-regex-2.0.1.tgz",
      "integrity": "sha1-wcS5vuPglyXdsQa3XB4wH+LxiyY="
    },
    "fill-range": {
      "version": "2.2.4",
      "resolved": "https://registry.npmjs.org/fill-range/-/fill-range-2.2.4.tgz",
      "integrity": "sha512-cnrcCbj01+j2gTG921VZPnHbjmdAf8oQV/iGeV2kZxGSyfYjjTyY79ErsK1WJWMpw6DaApEX72binqJE+/d+5Q==",
      "requires": {
        "is-number": "^2.1.0",
        "isobject": "^2.0.0",
        "randomatic": "^3.0.0",
        "repeat-element": "^1.1.2",
        "repeat-string": "^1.5.2"
      }
    },
    "first-chunk-stream": {
      "version": "1.0.0",
      "resolved": "https://registry.npmjs.org/first-chunk-stream/-/first-chunk-stream-1.0.0.tgz",
      "integrity": "sha1-Wb+1DNkF9g18OUzT2ayqtOatk04="
    },
    "flush-write-stream": {
      "version": "1.0.3",
      "resolved": "https://registry.npmjs.org/flush-write-stream/-/flush-write-stream-1.0.3.tgz",
      "integrity": "sha512-calZMC10u0FMUqoiunI2AiGIIUtUIvifNwkHhNupZH4cbNnW1Itkoh/Nf5HFYmDrwWPjrUxpkZT0KhuCq0jmGw==",
      "requires": {
        "inherits": "^2.0.1",
        "readable-stream": "^2.0.4"
      }
    },
    "for-in": {
      "version": "1.0.2",
      "resolved": "https://registry.npmjs.org/for-in/-/for-in-1.0.2.tgz",
      "integrity": "sha1-gQaNKVqBQuwKxybG4iAMMPttXoA="
    },
    "for-own": {
      "version": "0.1.5",
      "resolved": "https://registry.npmjs.org/for-own/-/for-own-0.1.5.tgz",
      "integrity": "sha1-UmXGgaTylNq78XyVCbZ2OqhFEM4=",
      "requires": {
        "for-in": "^1.0.1"
      }
    },
    "fs-mkdirp-stream": {
      "version": "1.0.0",
      "resolved": "https://registry.npmjs.org/fs-mkdirp-stream/-/fs-mkdirp-stream-1.0.0.tgz",
      "integrity": "sha1-C3gV/DIBxqaeFNuYzgmMFpNSWes=",
      "requires": {
        "graceful-fs": "^4.1.11",
        "through2": "^2.0.3"
      }
    },
    "fs.realpath": {
      "version": "1.0.0",
      "resolved": "https://registry.npmjs.org/fs.realpath/-/fs.realpath-1.0.0.tgz",
      "integrity": "sha1-FQStJSMVjKpA20onh8sBQRmU6k8="
    },
    "function-bind": {
      "version": "1.1.1",
      "resolved": "https://registry.npmjs.org/function-bind/-/function-bind-1.1.1.tgz",
      "integrity": "sha512-yIovAzMX49sF8Yl58fSCWJ5svSLuaibPxXQJFLmBObTuCr0Mf1KiPopGM9NiFjiYBCbfaa2Fh6breQ6ANVTI0A=="
    },
    "glob": {
      "version": "7.1.2",
      "resolved": "https://registry.npmjs.org/glob/-/glob-7.1.2.tgz",
      "integrity": "sha512-MJTUg1kjuLeQCJ+ccE4Vpa6kKVXkPYJ2mOCQyUuKLcLQsdrMCpBPUi8qVE6+YuaJkozeA9NusTAw3hLr8Xe5EQ==",
      "requires": {
        "fs.realpath": "^1.0.0",
        "inflight": "^1.0.4",
        "inherits": "2",
        "minimatch": "^3.0.4",
        "once": "^1.3.0",
        "path-is-absolute": "^1.0.0"
      }
    },
    "glob-base": {
      "version": "0.3.0",
      "resolved": "https://registry.npmjs.org/glob-base/-/glob-base-0.3.0.tgz",
      "integrity": "sha1-27Fk9iIbHAscz4Kuoyi0l98Oo8Q=",
      "requires": {
        "glob-parent": "^2.0.0",
        "is-glob": "^2.0.0"
      },
      "dependencies": {
        "glob-parent": {
          "version": "2.0.0",
          "resolved": "https://registry.npmjs.org/glob-parent/-/glob-parent-2.0.0.tgz",
          "integrity": "sha1-gTg9ctsFT8zPUzbaqQLxgvbtuyg=",
          "requires": {
            "is-glob": "^2.0.0"
          }
        },
        "is-extglob": {
          "version": "1.0.0",
          "resolved": "https://registry.npmjs.org/is-extglob/-/is-extglob-1.0.0.tgz",
          "integrity": "sha1-rEaBd8SUNAWgkvyPKXYMb/xiBsA="
        },
        "is-glob": {
          "version": "2.0.1",
          "resolved": "https://registry.npmjs.org/is-glob/-/is-glob-2.0.1.tgz",
          "integrity": "sha1-0Jb5JqPe1WAPP9/ZEZjLCIjC2GM=",
          "requires": {
            "is-extglob": "^1.0.0"
          }
        }
      }
    },
    "glob-parent": {
      "version": "3.1.0",
      "resolved": "https://registry.npmjs.org/glob-parent/-/glob-parent-3.1.0.tgz",
      "integrity": "sha1-nmr2KZ2NO9K9QEMIMr0RPfkGxa4=",
      "requires": {
        "is-glob": "^3.1.0",
        "path-dirname": "^1.0.0"
      }
    },
    "glob-stream": {
      "version": "6.1.0",
      "resolved": "https://registry.npmjs.org/glob-stream/-/glob-stream-6.1.0.tgz",
      "integrity": "sha1-cEXJlBOz65SIjYOrRtC0BMx73eQ=",
      "requires": {
        "extend": "^3.0.0",
        "glob": "^7.1.1",
        "glob-parent": "^3.1.0",
        "is-negated-glob": "^1.0.0",
        "ordered-read-streams": "^1.0.0",
        "pumpify": "^1.3.5",
        "readable-stream": "^2.1.5",
        "remove-trailing-separator": "^1.0.1",
        "to-absolute-glob": "^2.0.0",
        "unique-stream": "^2.0.2"
      }
    },
    "graceful-fs": {
      "version": "4.1.11",
      "resolved": "https://registry.npmjs.org/graceful-fs/-/graceful-fs-4.1.11.tgz",
      "integrity": "sha1-Dovf5NHduIVNZOBOp8AOKgJuVlg="
    },
    "gulp-sort": {
      "version": "2.0.0",
      "resolved": "https://registry.npmjs.org/gulp-sort/-/gulp-sort-2.0.0.tgz",
      "integrity": "sha1-xnYqLx8N4KP8WVohWZ0/rI26Gso=",
      "requires": {
        "through2": "^2.0.1"
      }
    },
    "gulp-sourcemaps": {
      "version": "1.6.0",
      "resolved": "https://registry.npmjs.org/gulp-sourcemaps/-/gulp-sourcemaps-1.6.0.tgz",
      "integrity": "sha1-uG/zSdgBzrVuHZ59x7vLS33uYAw=",
      "requires": {
        "convert-source-map": "^1.1.1",
        "graceful-fs": "^4.1.2",
        "strip-bom": "^2.0.0",
        "through2": "^2.0.0",
        "vinyl": "^1.0.0"
      },
      "dependencies": {
        "clone": {
          "version": "1.0.4",
          "resolved": "https://registry.npmjs.org/clone/-/clone-1.0.4.tgz",
          "integrity": "sha1-2jCcwmPfFZlMaIypAheco8fNfH4="
        },
        "clone-stats": {
          "version": "0.0.1",
          "resolved": "https://registry.npmjs.org/clone-stats/-/clone-stats-0.0.1.tgz",
          "integrity": "sha1-uI+UqCzzi4eR1YBG6kAprYjKmdE="
        },
        "replace-ext": {
          "version": "0.0.1",
          "resolved": "https://registry.npmjs.org/replace-ext/-/replace-ext-0.0.1.tgz",
          "integrity": "sha1-KbvZIHinOfC8zitO5B6DeVNSKSQ="
        },
        "vinyl": {
          "version": "1.2.0",
          "resolved": "https://registry.npmjs.org/vinyl/-/vinyl-1.2.0.tgz",
          "integrity": "sha1-XIgDbPVl5d8FVYv8kR+GVt8hiIQ=",
          "requires": {
            "clone": "^1.0.0",
            "clone-stats": "^0.0.1",
            "replace-ext": "0.0.1"
          }
        }
      }
    },
    "has-flag": {
      "version": "3.0.0",
      "resolved": "https://registry.npmjs.org/has-flag/-/has-flag-3.0.0.tgz",
      "integrity": "sha1-tdRU3CGZriJWmfNGfloH87lVuv0="
    },
    "has-symbols": {
      "version": "1.0.0",
      "resolved": "https://registry.npmjs.org/has-symbols/-/has-symbols-1.0.0.tgz",
      "integrity": "sha1-uhqPGvKg/DllD1yFA2dwQSIGO0Q="
    },
    "i18next-scanner": {
      "version": "2.6.5",
      "resolved": "https://registry.npmjs.org/i18next-scanner/-/i18next-scanner-2.6.5.tgz",
      "integrity": "sha512-vS33oufud7qpTloYmAM9Li+wPMdWJHAvF9eioiESy760ehaF49MMoxH+70naCA7QiGaoTWUvbzTH+rTarHk6kg==",
      "requires": {
        "acorn-jsx": "^4.1.1",
        "acorn-jsx-walk": "^1.0.1",
        "chalk": "^2.4.1",
        "clone-deep": "^4.0.0",
        "commander": "^2.15.1",
        "deepmerge": "^2.1.1",
        "ensure-array": "^1.0.0",
        "eol": "^0.9.1",
        "esprima": "^4.0.0",
        "gulp-sort": "^2.0.0",
        "lodash": "^4.0.0",
        "parse5": "^5.0.0",
        "sortobject": "^1.1.1",
        "through2": "^2.0.3",
        "vinyl": "^2.2.0",
        "vinyl-fs": "^3.0.1"
      },
      "dependencies": {
        "vinyl-fs": {
          "version": "3.0.3",
          "resolved": "https://registry.npmjs.org/vinyl-fs/-/vinyl-fs-3.0.3.tgz",
          "integrity": "sha512-vIu34EkyNyJxmP0jscNzWBSygh7VWhqun6RmqVfXePrOwi9lhvRs//dOaGOTRUQr4tx7/zd26Tk5WeSVZitgng==",
          "requires": {
            "fs-mkdirp-stream": "^1.0.0",
            "glob-stream": "^6.1.0",
            "graceful-fs": "^4.0.0",
            "is-valid-glob": "^1.0.0",
            "lazystream": "^1.0.0",
            "lead": "^1.0.0",
            "object.assign": "^4.0.4",
            "pumpify": "^1.3.5",
            "readable-stream": "^2.3.3",
            "remove-bom-buffer": "^3.0.0",
            "remove-bom-stream": "^1.2.0",
            "resolve-options": "^1.1.0",
            "through2": "^2.0.0",
            "to-through": "^2.0.0",
            "value-or-function": "^3.0.0",
            "vinyl": "^2.0.0",
            "vinyl-sourcemap": "^1.1.0"
          }
        }
      }
    },
    "inflight": {
      "version": "1.0.6",
      "resolved": "https://registry.npmjs.org/inflight/-/inflight-1.0.6.tgz",
      "integrity": "sha1-Sb1jMdfQLQwJvJEKEHW6gWW1bfk=",
      "requires": {
        "once": "^1.3.0",
        "wrappy": "1"
      }
    },
    "inherits": {
      "version": "2.0.3",
      "resolved": "https://registry.npmjs.org/inherits/-/inherits-2.0.3.tgz",
      "integrity": "sha1-Yzwsg+PaQqUC9SRmAiSA9CCCYd4="
    },
    "is-absolute": {
      "version": "1.0.0",
      "resolved": "https://registry.npmjs.org/is-absolute/-/is-absolute-1.0.0.tgz",
      "integrity": "sha512-dOWoqflvcydARa360Gvv18DZ/gRuHKi2NU/wU5X1ZFzdYfH29nkiNZsF3mp4OJ3H4yo9Mx8A/uAGNzpzPN3yBA==",
      "requires": {
        "is-relative": "^1.0.0",
        "is-windows": "^1.0.1"
      }
    },
    "is-buffer": {
      "version": "1.1.6",
      "resolved": "https://registry.npmjs.org/is-buffer/-/is-buffer-1.1.6.tgz",
      "integrity": "sha512-NcdALwpXkTm5Zvvbk7owOUSvVvBKDgKP5/ewfXEznmQFfs4ZRmanOeKBTjRVjka3QFoN6XJ+9F3USqfHqTaU5w=="
    },
    "is-dotfile": {
      "version": "1.0.3",
      "resolved": "https://registry.npmjs.org/is-dotfile/-/is-dotfile-1.0.3.tgz",
      "integrity": "sha1-pqLzL/0t+wT1yiXs0Pa4PPeYoeE="
    },
    "is-equal-shallow": {
      "version": "0.1.3",
      "resolved": "https://registry.npmjs.org/is-equal-shallow/-/is-equal-shallow-0.1.3.tgz",
      "integrity": "sha1-IjgJj8Ih3gvPpdnqxMRdY4qhxTQ=",
      "requires": {
        "is-primitive": "^2.0.0"
      }
    },
    "is-extendable": {
      "version": "0.1.1",
      "resolved": "https://registry.npmjs.org/is-extendable/-/is-extendable-0.1.1.tgz",
      "integrity": "sha1-YrEQ4omkcUGOPsNqYX1HLjAd/Ik="
    },
    "is-extglob": {
      "version": "2.1.1",
      "resolved": "https://registry.npmjs.org/is-extglob/-/is-extglob-2.1.1.tgz",
      "integrity": "sha1-qIwCU1eR8C7TfHahueqXc8gz+MI="
    },
    "is-glob": {
      "version": "3.1.0",
      "resolved": "https://registry.npmjs.org/is-glob/-/is-glob-3.1.0.tgz",
      "integrity": "sha1-e6WuJCF4BKxwcHuWkiVnSGzD6Eo=",
      "requires": {
        "is-extglob": "^2.1.0"
      }
    },
    "is-negated-glob": {
      "version": "1.0.0",
      "resolved": "https://registry.npmjs.org/is-negated-glob/-/is-negated-glob-1.0.0.tgz",
      "integrity": "sha1-aRC8pdqMleeEtXUbl2z1oQ/uNtI="
    },
    "is-number": {
      "version": "2.1.0",
      "resolved": "https://registry.npmjs.org/is-number/-/is-number-2.1.0.tgz",
      "integrity": "sha1-Afy7s5NGOlSPL0ZszhbezknbkI8=",
      "requires": {
        "kind-of": "^3.0.2"
      },
      "dependencies": {
        "kind-of": {
          "version": "3.2.2",
          "resolved": "https://registry.npmjs.org/kind-of/-/kind-of-3.2.2.tgz",
          "integrity": "sha1-MeohpzS6ubuw8yRm2JOupR5KPGQ=",
          "requires": {
            "is-buffer": "^1.1.5"
          }
        }
      }
    },
    "is-posix-bracket": {
      "version": "0.1.1",
      "resolved": "https://registry.npmjs.org/is-posix-bracket/-/is-posix-bracket-0.1.1.tgz",
      "integrity": "sha1-MzTceXdDaOkvAW5vvAqI9c1ua8Q="
    },
    "is-primitive": {
      "version": "2.0.0",
      "resolved": "https://registry.npmjs.org/is-primitive/-/is-primitive-2.0.0.tgz",
      "integrity": "sha1-IHurkWOEmcB7Kt8kCkGochADRXU="
    },
    "is-relative": {
      "version": "1.0.0",
      "resolved": "https://registry.npmjs.org/is-relative/-/is-relative-1.0.0.tgz",
      "integrity": "sha512-Kw/ReK0iqwKeu0MITLFuj0jbPAmEiOsIwyIXvvbfa6QfmN9pkD1M+8pdk7Rl/dTKbH34/XBFMbgD4iMJhLQbGA==",
      "requires": {
        "is-unc-path": "^1.0.0"
      }
    },
    "is-stream": {
      "version": "1.1.0",
      "resolved": "https://registry.npmjs.org/is-stream/-/is-stream-1.1.0.tgz",
      "integrity": "sha1-EtSj3U5o4Lec6428hBc66A2RykQ="
    },
    "is-unc-path": {
      "version": "1.0.0",
      "resolved": "https://registry.npmjs.org/is-unc-path/-/is-unc-path-1.0.0.tgz",
      "integrity": "sha512-mrGpVd0fs7WWLfVsStvgF6iEJnbjDFZh9/emhRDcGWTduTfNHd9CHeUwH3gYIjdbwo4On6hunkztwOaAw0yllQ==",
      "requires": {
        "unc-path-regex": "^0.1.2"
      }
    },
    "is-utf8": {
      "version": "0.2.1",
      "resolved": "https://registry.npmjs.org/is-utf8/-/is-utf8-0.2.1.tgz",
      "integrity": "sha1-Sw2hRCEE0bM2NA6AeX6GXPOffXI="
    },
    "is-valid-glob": {
      "version": "1.0.0",
      "resolved": "https://registry.npmjs.org/is-valid-glob/-/is-valid-glob-1.0.0.tgz",
      "integrity": "sha1-Kb8+/3Ab4tTTFdusw5vDn+j2Aao="
    },
    "is-windows": {
      "version": "1.0.2",
      "resolved": "https://registry.npmjs.org/is-windows/-/is-windows-1.0.2.tgz",
      "integrity": "sha512-eXK1UInq2bPmjyX6e3VHIzMLobc4J94i4AWn+Hpq3OU5KkrRC96OAcR3PRJ/pGu6m8TRnBHP9dkXQVsT/COVIA=="
    },
    "isarray": {
      "version": "1.0.0",
      "resolved": "https://registry.npmjs.org/isarray/-/isarray-1.0.0.tgz",
      "integrity": "sha1-u5NdSFgsuhaMBoNJV6VKPgcSTxE="
    },
    "isobject": {
      "version": "2.1.0",
      "resolved": "https://registry.npmjs.org/isobject/-/isobject-2.1.0.tgz",
      "integrity": "sha1-8GVWEJaj8dou9GJy+BXIQNh+DIk=",
      "requires": {
        "isarray": "1.0.0"
      }
    },
    "json-stable-stringify": {
      "version": "1.0.1",
      "resolved": "https://registry.npmjs.org/json-stable-stringify/-/json-stable-stringify-1.0.1.tgz",
      "integrity": "sha1-mnWdOcXy/1A/1TAGRu1EX4jE+a8=",
      "requires": {
        "jsonify": "~0.0.0"
      }
    },
    "jsonify": {
      "version": "0.0.0",
      "resolved": "https://registry.npmjs.org/jsonify/-/jsonify-0.0.0.tgz",
      "integrity": "sha1-LHS27kHZPKUbe1qu6PUDYx0lKnM="
    },
    "kind-of": {
      "version": "6.0.2",
      "resolved": "https://registry.npmjs.org/kind-of/-/kind-of-6.0.2.tgz",
      "integrity": "sha512-s5kLOcnH0XqDO+FvuaLX8DDjZ18CGFk7VygH40QoKPUQhW4e2rvM0rwUq0t8IQDOwYSeLK01U90OjzBTme2QqA=="
    },
    "lazystream": {
      "version": "1.0.0",
      "resolved": "https://registry.npmjs.org/lazystream/-/lazystream-1.0.0.tgz",
      "integrity": "sha1-9plf4PggOS9hOWvolGJAe7dxaOQ=",
      "requires": {
        "readable-stream": "^2.0.5"
      }
    },
    "lead": {
      "version": "1.0.0",
      "resolved": "https://registry.npmjs.org/lead/-/lead-1.0.0.tgz",
      "integrity": "sha1-bxT5mje+Op3XhPVJVpDlkDRm7kI=",
      "requires": {
        "flush-write-stream": "^1.0.2"
      }
    },
    "lodash": {
      "version": "4.17.10",
      "resolved": "https://registry.npmjs.org/lodash/-/lodash-4.17.10.tgz",
      "integrity": "sha512-UejweD1pDoXu+AD825lWwp4ZGtSwgnpZxb3JDViD7StjQz+Nb/6l093lx4OQ0foGWNRoc19mWy7BzL+UAK2iVg=="
    },
    "lodash.isequal": {
      "version": "4.5.0",
      "resolved": "https://registry.npmjs.org/lodash.isequal/-/lodash.isequal-4.5.0.tgz",
      "integrity": "sha1-QVxEePK8wwEgwizhDtMib30+GOA="
    },
    "math-random": {
      "version": "1.0.1",
      "resolved": "https://registry.npmjs.org/math-random/-/math-random-1.0.1.tgz",
      "integrity": "sha1-izqsWIuKZuSXXjzepn97sylgH6w="
    },
    "merge-stream": {
      "version": "1.0.1",
      "resolved": "https://registry.npmjs.org/merge-stream/-/merge-stream-1.0.1.tgz",
      "integrity": "sha1-QEEgLVCKNCugAXQAjfDCUbjBNeE=",
      "requires": {
        "readable-stream": "^2.0.1"
      }
    },
    "micromatch": {
      "version": "2.3.11",
      "resolved": "https://registry.npmjs.org/micromatch/-/micromatch-2.3.11.tgz",
      "integrity": "sha1-hmd8l9FyCzY0MdBNDRUpO9OMFWU=",
      "requires": {
        "arr-diff": "^2.0.0",
        "array-unique": "^0.2.1",
        "braces": "^1.8.2",
        "expand-brackets": "^0.1.4",
        "extglob": "^0.3.1",
        "filename-regex": "^2.0.0",
        "is-extglob": "^1.0.0",
        "is-glob": "^2.0.1",
        "kind-of": "^3.0.2",
        "normalize-path": "^2.0.1",
        "object.omit": "^2.0.0",
        "parse-glob": "^3.0.4",
        "regex-cache": "^0.4.2"
      },
      "dependencies": {
        "is-extglob": {
          "version": "1.0.0",
          "resolved": "https://registry.npmjs.org/is-extglob/-/is-extglob-1.0.0.tgz",
          "integrity": "sha1-rEaBd8SUNAWgkvyPKXYMb/xiBsA="
        },
        "is-glob": {
          "version": "2.0.1",
          "resolved": "https://registry.npmjs.org/is-glob/-/is-glob-2.0.1.tgz",
          "integrity": "sha1-0Jb5JqPe1WAPP9/ZEZjLCIjC2GM=",
          "requires": {
            "is-extglob": "^1.0.0"
          }
        },
        "kind-of": {
          "version": "3.2.2",
          "resolved": "https://registry.npmjs.org/kind-of/-/kind-of-3.2.2.tgz",
          "integrity": "sha1-MeohpzS6ubuw8yRm2JOupR5KPGQ=",
          "requires": {
            "is-buffer": "^1.1.5"
          }
        }
      }
    },
    "minimatch": {
      "version": "3.0.4",
      "resolved": "https://registry.npmjs.org/minimatch/-/minimatch-3.0.4.tgz",
      "integrity": "sha512-yJHVQEhyqPLUTgt9B83PXu6W3rx4MvvHvSUvToogpwoGDOUQ+yDrR0HRot+yOCdCO7u4hX3pWft6kWBBcqh0UA==",
      "requires": {
        "brace-expansion": "^1.1.7"
      }
    },
    "minimist": {
      "version": "0.0.8",
      "resolved": "https://registry.npmjs.org/minimist/-/minimist-0.0.8.tgz",
      "integrity": "sha1-hX/Kv8M5fSYluCKCYuhqp6ARsF0="
    },
    "mkdirp": {
      "version": "0.5.1",
      "resolved": "https://registry.npmjs.org/mkdirp/-/mkdirp-0.5.1.tgz",
      "integrity": "sha1-MAV0OOrGz3+MR2fzhkjWaX11yQM=",
      "requires": {
        "minimist": "0.0.8"
      }
    },
    "normalize-path": {
      "version": "2.1.1",
      "resolved": "https://registry.npmjs.org/normalize-path/-/normalize-path-2.1.1.tgz",
      "integrity": "sha1-GrKLVW4Zg2Oowab35vogE3/mrtk=",
      "requires": {
        "remove-trailing-separator": "^1.0.1"
      }
    },
    "now-and-later": {
      "version": "2.0.0",
      "resolved": "https://registry.npmjs.org/now-and-later/-/now-and-later-2.0.0.tgz",
      "integrity": "sha1-vGHLtFbXnLMiB85HygUTb/Ln1u4=",
      "requires": {
        "once": "^1.3.2"
      }
    },
    "object-assign": {
      "version": "4.1.1",
      "resolved": "https://registry.npmjs.org/object-assign/-/object-assign-4.1.1.tgz",
      "integrity": "sha1-IQmtx5ZYh8/AXLvUQsrIv7s2CGM="
    },
    "object-keys": {
      "version": "1.0.12",
      "resolved": "https://registry.npmjs.org/object-keys/-/object-keys-1.0.12.tgz",
      "integrity": "sha512-FTMyFUm2wBcGHnH2eXmz7tC6IwlqQZ6mVZ+6dm6vZ4IQIHjs6FdNsQBuKGPuUUUY6NfJw2PshC08Tn6LzLDOag=="
    },
    "object.assign": {
      "version": "4.1.0",
      "resolved": "https://registry.npmjs.org/object.assign/-/object.assign-4.1.0.tgz",
      "integrity": "sha512-exHJeq6kBKj58mqGyTQ9DFvrZC/eR6OwxzoM9YRoGBqrXYonaFyGiFMuc9VZrXf7DarreEwMpurG3dd+CNyW5w==",
      "requires": {
        "define-properties": "^1.1.2",
        "function-bind": "^1.1.1",
        "has-symbols": "^1.0.0",
        "object-keys": "^1.0.11"
      }
    },
    "object.omit": {
      "version": "2.0.1",
      "resolved": "https://registry.npmjs.org/object.omit/-/object.omit-2.0.1.tgz",
      "integrity": "sha1-Gpx0SCnznbuFjHbKNXmuKlTr0fo=",
      "requires": {
        "for-own": "^0.1.4",
        "is-extendable": "^0.1.1"
      }
    },
    "once": {
      "version": "1.4.0",
      "resolved": "https://registry.npmjs.org/once/-/once-1.4.0.tgz",
      "integrity": "sha1-WDsap3WWHUsROsF9nFC6753Xa9E=",
      "requires": {
        "wrappy": "1"
      }
    },
    "ordered-read-streams": {
      "version": "1.0.1",
      "resolved": "https://registry.npmjs.org/ordered-read-streams/-/ordered-read-streams-1.0.1.tgz",
      "integrity": "sha1-d8DLN8QVJdZBZtmQ/61+xqDhNj4=",
      "requires": {
        "readable-stream": "^2.0.1"
      }
    },
    "parse-glob": {
      "version": "3.0.4",
      "resolved": "https://registry.npmjs.org/parse-glob/-/parse-glob-3.0.4.tgz",
      "integrity": "sha1-ssN2z7EfNVE7rdFz7wu246OIORw=",
      "requires": {
        "glob-base": "^0.3.0",
        "is-dotfile": "^1.0.0",
        "is-extglob": "^1.0.0",
        "is-glob": "^2.0.0"
      },
      "dependencies": {
        "is-extglob": {
          "version": "1.0.0",
          "resolved": "https://registry.npmjs.org/is-extglob/-/is-extglob-1.0.0.tgz",
          "integrity": "sha1-rEaBd8SUNAWgkvyPKXYMb/xiBsA="
        },
        "is-glob": {
          "version": "2.0.1",
          "resolved": "https://registry.npmjs.org/is-glob/-/is-glob-2.0.1.tgz",
          "integrity": "sha1-0Jb5JqPe1WAPP9/ZEZjLCIjC2GM=",
          "requires": {
            "is-extglob": "^1.0.0"
          }
        }
      }
    },
    "parse5": {
      "version": "5.1.0",
      "resolved": "https://registry.npmjs.org/parse5/-/parse5-5.1.0.tgz",
      "integrity": "sha512-fxNG2sQjHvlVAYmzBZS9YlDp6PTSSDwa98vkD4QgVDDCAo84z5X1t5XyJQ62ImdLXx5NdIIfihey6xpum9/gRQ=="
    },
    "path-dirname": {
      "version": "1.0.2",
      "resolved": "https://registry.npmjs.org/path-dirname/-/path-dirname-1.0.2.tgz",
      "integrity": "sha1-zDPSTVJeCZpTiMAzbG4yuRYGCeA="
    },
    "path-is-absolute": {
      "version": "1.0.1",
      "resolved": "https://registry.npmjs.org/path-is-absolute/-/path-is-absolute-1.0.1.tgz",
      "integrity": "sha1-F0uSaHNVNP+8es5r9TpanhtcX18="
    },
    "preserve": {
      "version": "0.2.0",
      "resolved": "https://registry.npmjs.org/preserve/-/preserve-0.2.0.tgz",
      "integrity": "sha1-gV7R9uvGWSb4ZbMQwHE7yzMVzks="
    },
    "process-nextick-args": {
      "version": "2.0.0",
      "resolved": "https://registry.npmjs.org/process-nextick-args/-/process-nextick-args-2.0.0.tgz",
      "integrity": "sha512-MtEC1TqN0EU5nephaJ4rAtThHtC86dNN9qCuEhtshvpVBkAW5ZO7BASN9REnF9eoXGcRub+pFuKEpOHE+HbEMw=="
    },
    "pump": {
      "version": "2.0.1",
      "resolved": "https://registry.npmjs.org/pump/-/pump-2.0.1.tgz",
      "integrity": "sha512-ruPMNRkN3MHP1cWJc9OWr+T/xDP0jhXYCLfJcBuX54hhfIBnaQmAUMfDcG4DM5UMWByBbJY69QSphm3jtDKIkA==",
      "requires": {
        "end-of-stream": "^1.1.0",
        "once": "^1.3.1"
      }
    },
    "pumpify": {
      "version": "1.5.1",
      "resolved": "https://registry.npmjs.org/pumpify/-/pumpify-1.5.1.tgz",
      "integrity": "sha512-oClZI37HvuUJJxSKKrC17bZ9Cu0ZYhEAGPsPUy9KlMUmv9dKX2o77RUmq7f3XjIxbwyGwYzbzQ1L2Ks8sIradQ==",
      "requires": {
        "duplexify": "^3.6.0",
        "inherits": "^2.0.3",
        "pump": "^2.0.0"
      }
    },
    "randomatic": {
      "version": "3.1.0",
      "resolved": "https://registry.npmjs.org/randomatic/-/randomatic-3.1.0.tgz",
      "integrity": "sha512-KnGPVE0lo2WoXxIZ7cPR8YBpiol4gsSuOwDSg410oHh80ZMp5EiypNqL2K4Z77vJn6lB5rap7IkAmcUlalcnBQ==",
      "requires": {
        "is-number": "^4.0.0",
        "kind-of": "^6.0.0",
        "math-random": "^1.0.1"
      },
      "dependencies": {
        "is-number": {
          "version": "4.0.0",
          "resolved": "https://registry.npmjs.org/is-number/-/is-number-4.0.0.tgz",
          "integrity": "sha512-rSklcAIlf1OmFdyAqbnWTLVelsQ58uvZ66S/ZyawjWqIviTWCjg2PzVGw8WUA+nNuPTqb4wgA+NszrJ+08LlgQ=="
        }
      }
    },
    "readable-stream": {
      "version": "2.3.6",
      "resolved": "https://registry.npmjs.org/readable-stream/-/readable-stream-2.3.6.tgz",
      "integrity": "sha512-tQtKA9WIAhBF3+VLAseyMqZeBjW0AHJoxOtYqSUZNJxauErmLbVm2FW1y+J/YA9dUrAC39ITejlZWhVIwawkKw==",
      "requires": {
        "core-util-is": "~1.0.0",
        "inherits": "~2.0.3",
        "isarray": "~1.0.0",
        "process-nextick-args": "~2.0.0",
        "safe-buffer": "~5.1.1",
        "string_decoder": "~1.1.1",
        "util-deprecate": "~1.0.1"
      }
    },
    "regex-cache": {
      "version": "0.4.4",
      "resolved": "https://registry.npmjs.org/regex-cache/-/regex-cache-0.4.4.tgz",
      "integrity": "sha512-nVIZwtCjkC9YgvWkpM55B5rBhBYRZhAaJbgcFYXXsHnbZ9UZI9nnVWYZpBlCqv9ho2eZryPnWrZGsOdPwVWXWQ==",
      "requires": {
        "is-equal-shallow": "^0.1.3"
      }
    },
    "remove-bom-buffer": {
      "version": "3.0.0",
      "resolved": "https://registry.npmjs.org/remove-bom-buffer/-/remove-bom-buffer-3.0.0.tgz",
      "integrity": "sha512-8v2rWhaakv18qcvNeli2mZ/TMTL2nEyAKRvzo1WtnZBl15SHyEhrCu2/xKlJyUFKHiHgfXIyuY6g2dObJJycXQ==",
      "requires": {
        "is-buffer": "^1.1.5",
        "is-utf8": "^0.2.1"
      }
    },
    "remove-bom-stream": {
      "version": "1.2.0",
      "resolved": "https://registry.npmjs.org/remove-bom-stream/-/remove-bom-stream-1.2.0.tgz",
      "integrity": "sha1-BfGlk/FuQuH7kOv1nejlaVJflSM=",
      "requires": {
        "remove-bom-buffer": "^3.0.0",
        "safe-buffer": "^5.1.0",
        "through2": "^2.0.3"
      }
    },
    "remove-trailing-separator": {
      "version": "1.1.0",
      "resolved": "https://registry.npmjs.org/remove-trailing-separator/-/remove-trailing-separator-1.1.0.tgz",
      "integrity": "sha1-wkvOKig62tW8P1jg1IJJuSN52O8="
    },
    "repeat-element": {
      "version": "1.1.3",
      "resolved": "https://registry.npmjs.org/repeat-element/-/repeat-element-1.1.3.tgz",
      "integrity": "sha512-ahGq0ZnV5m5XtZLMb+vP76kcAM5nkLqk0lpqAuojSKGgQtn4eRi4ZZGm2olo2zKFH+sMsWaqOCW1dqAnOru72g=="
    },
    "repeat-string": {
      "version": "1.6.1",
      "resolved": "https://registry.npmjs.org/repeat-string/-/repeat-string-1.6.1.tgz",
      "integrity": "sha1-jcrkcOHIirwtYA//Sndihtp15jc="
    },
    "replace-ext": {
      "version": "1.0.0",
      "resolved": "https://registry.npmjs.org/replace-ext/-/replace-ext-1.0.0.tgz",
      "integrity": "sha1-3mMSg3P8v3w8z6TeWkgMRaZ5WOs="
    },
    "resolve-options": {
      "version": "1.1.0",
      "resolved": "https://registry.npmjs.org/resolve-options/-/resolve-options-1.1.0.tgz",
      "integrity": "sha1-MrueOcBtZzONyTeMDW1gdFZq0TE=",
      "requires": {
        "value-or-function": "^3.0.0"
      }
    },
    "safe-buffer": {
      "version": "5.1.2",
      "resolved": "https://registry.npmjs.org/safe-buffer/-/safe-buffer-5.1.2.tgz",
      "integrity": "sha512-Gd2UZBJDkXlY7GbJxfsE8/nvKkUEU1G38c1siN6QP6a9PT9MmHB8GnpscSmMJSoF8LOIrt8ud/wPtojys4G6+g=="
    },
    "shallow-clone": {
      "version": "3.0.0",
      "resolved": "https://registry.npmjs.org/shallow-clone/-/shallow-clone-3.0.0.tgz",
      "integrity": "sha512-Drg+nOI+ofeuslBf0nulyWLZhK1BZprqNvPJaiB4VvES+9gC6GG+qOVAfuO12zVSgxq9SKevcme7S3uDT6Be8w==",
      "requires": {
        "kind-of": "^6.0.2"
      }
    },
    "sortobject": {
      "version": "1.1.1",
      "resolved": "https://registry.npmjs.org/sortobject/-/sortobject-1.1.1.tgz",
      "integrity": "sha1-T2ldTUTtCkwGSCw0wlgqLc3CqzQ=",
      "requires": {
        "editions": "^1.1.1"
      }
    },
    "stream-shift": {
      "version": "1.0.0",
      "resolved": "https://registry.npmjs.org/stream-shift/-/stream-shift-1.0.0.tgz",
      "integrity": "sha1-1cdSgl5TZ+eG944Y5EXqIjoVWVI="
    },
    "string_decoder": {
      "version": "1.1.1",
      "resolved": "https://registry.npmjs.org/string_decoder/-/string_decoder-1.1.1.tgz",
      "integrity": "sha512-n/ShnvDi6FHbbVfviro+WojiFzv+s8MPMHBczVePfUpDJLwoLT0ht1l4YwBCbi8pJAveEEdnkHyPyTP/mzRfwg==",
      "requires": {
        "safe-buffer": "~5.1.0"
      }
    },
    "strip-bom": {
      "version": "2.0.0",
      "resolved": "https://registry.npmjs.org/strip-bom/-/strip-bom-2.0.0.tgz",
      "integrity": "sha1-YhmoVhZSBJHzV4i9vxRHqZx+aw4=",
      "requires": {
        "is-utf8": "^0.2.0"
      }
    },
    "strip-bom-stream": {
      "version": "1.0.0",
      "resolved": "https://registry.npmjs.org/strip-bom-stream/-/strip-bom-stream-1.0.0.tgz",
      "integrity": "sha1-5xRDmFd9Uaa+0PoZlPoF9D/ZiO4=",
      "requires": {
        "first-chunk-stream": "^1.0.0",
        "strip-bom": "^2.0.0"
      }
    },
    "supports-color": {
      "version": "5.5.0",
      "resolved": "https://registry.npmjs.org/supports-color/-/supports-color-5.5.0.tgz",
      "integrity": "sha512-QjVjwdXIt408MIiAqCX4oUKsgU2EqAGzs2Ppkm4aQYbjm+ZEWEcW4SfFNTr4uMNZma0ey4f5lgLrkB0aX0QMow==",
      "requires": {
        "has-flag": "^3.0.0"
      }
    },
    "through2": {
      "version": "2.0.3",
      "resolved": "https://registry.npmjs.org/through2/-/through2-2.0.3.tgz",
      "integrity": "sha1-AARWmzfHx0ujnEPzzteNGtlBQL4=",
      "requires": {
        "readable-stream": "^2.1.5",
        "xtend": "~4.0.1"
      }
    },
    "through2-filter": {
      "version": "2.0.0",
      "resolved": "https://registry.npmjs.org/through2-filter/-/through2-filter-2.0.0.tgz",
      "integrity": "sha1-YLxVoNrLdghdsfna6Zq0P4PWIuw=",
      "requires": {
        "through2": "~2.0.0",
        "xtend": "~4.0.0"
      }
    },
    "to-absolute-glob": {
      "version": "2.0.2",
      "resolved": "https://registry.npmjs.org/to-absolute-glob/-/to-absolute-glob-2.0.2.tgz",
      "integrity": "sha1-GGX0PZ50sIItufFFt4z/fQ98hJs=",
      "requires": {
        "is-absolute": "^1.0.0",
        "is-negated-glob": "^1.0.0"
      }
    },
    "to-through": {
      "version": "2.0.0",
      "resolved": "https://registry.npmjs.org/to-through/-/to-through-2.0.0.tgz",
      "integrity": "sha1-/JKtq6ByZHvAtn1rA2ZKoZUJOvY=",
      "requires": {
        "through2": "^2.0.3"
      }
    },
    "unc-path-regex": {
      "version": "0.1.2",
      "resolved": "https://registry.npmjs.org/unc-path-regex/-/unc-path-regex-0.1.2.tgz",
      "integrity": "sha1-5z3T17DXxe2G+6xrCufYxqadUPo="
    },
    "unique-stream": {
      "version": "2.2.1",
      "resolved": "https://registry.npmjs.org/unique-stream/-/unique-stream-2.2.1.tgz",
      "integrity": "sha1-WqADz76Uxf+GbE59ZouxxNuts2k=",
      "requires": {
        "json-stable-stringify": "^1.0.0",
        "through2-filter": "^2.0.0"
      }
    },
    "util-deprecate": {
      "version": "1.0.2",
      "resolved": "https://registry.npmjs.org/util-deprecate/-/util-deprecate-1.0.2.tgz",
      "integrity": "sha1-RQ1Nyfpw3nMnYvvS1KKJgUGaDM8="
    },
    "vali-date": {
      "version": "1.0.0",
      "resolved": "https://registry.npmjs.org/vali-date/-/vali-date-1.0.0.tgz",
      "integrity": "sha1-G5BKWWCfsyjvB4E4Qgk09rhnCaY="
    },
    "value-or-function": {
      "version": "3.0.0",
      "resolved": "https://registry.npmjs.org/value-or-function/-/value-or-function-3.0.0.tgz",
      "integrity": "sha1-HCQ6ULWVwb5Up1S/7OhWO5/42BM="
    },
    "vinyl": {
      "version": "2.2.0",
      "resolved": "https://registry.npmjs.org/vinyl/-/vinyl-2.2.0.tgz",
      "integrity": "sha512-MBH+yP0kC/GQ5GwBqrTPTzEfiiLjta7hTtvQtbxBgTeSXsmKQRQecjibMbxIXzVT3Y9KJK+drOz1/k+vsu8Nkg==",
      "requires": {
        "clone": "^2.1.1",
        "clone-buffer": "^1.0.0",
        "clone-stats": "^1.0.0",
        "cloneable-readable": "^1.0.0",
        "remove-trailing-separator": "^1.0.1",
        "replace-ext": "^1.0.0"
      }
    },
    "vinyl-fs": {
      "version": "2.4.4",
      "resolved": "https://registry.npmjs.org/vinyl-fs/-/vinyl-fs-2.4.4.tgz",
      "integrity": "sha1-vm/zJwy1Xf19MGNkDegfJddTIjk=",
      "requires": {
        "duplexify": "^3.2.0",
        "glob-stream": "^5.3.2",
        "graceful-fs": "^4.0.0",
        "gulp-sourcemaps": "1.6.0",
        "is-valid-glob": "^0.3.0",
        "lazystream": "^1.0.0",
        "lodash.isequal": "^4.0.0",
        "merge-stream": "^1.0.0",
        "mkdirp": "^0.5.0",
        "object-assign": "^4.0.0",
        "readable-stream": "^2.0.4",
        "strip-bom": "^2.0.0",
        "strip-bom-stream": "^1.0.0",
        "through2": "^2.0.0",
        "through2-filter": "^2.0.0",
        "vali-date": "^1.0.0",
        "vinyl": "^1.0.0"
      },
      "dependencies": {
        "clone": {
          "version": "1.0.4",
          "resolved": "https://registry.npmjs.org/clone/-/clone-1.0.4.tgz",
          "integrity": "sha1-2jCcwmPfFZlMaIypAheco8fNfH4="
        },
        "clone-stats": {
          "version": "0.0.1",
          "resolved": "https://registry.npmjs.org/clone-stats/-/clone-stats-0.0.1.tgz",
          "integrity": "sha1-uI+UqCzzi4eR1YBG6kAprYjKmdE="
        },
        "glob": {
          "version": "5.0.15",
          "resolved": "https://registry.npmjs.org/glob/-/glob-5.0.15.tgz",
          "integrity": "sha1-G8k2ueAvSmA/zCIuz3Yz0wuLk7E=",
          "requires": {
            "inflight": "^1.0.4",
            "inherits": "2",
            "minimatch": "2 || 3",
            "once": "^1.3.0",
            "path-is-absolute": "^1.0.0"
          }
        },
        "glob-stream": {
          "version": "5.3.5",
          "resolved": "https://registry.npmjs.org/glob-stream/-/glob-stream-5.3.5.tgz",
          "integrity": "sha1-pVZlqajM3EGRWofHAeMtTgFvrSI=",
          "requires": {
            "extend": "^3.0.0",
            "glob": "^5.0.3",
            "glob-parent": "^3.0.0",
            "micromatch": "^2.3.7",
            "ordered-read-streams": "^0.3.0",
            "through2": "^0.6.0",
            "to-absolute-glob": "^0.1.1",
            "unique-stream": "^2.0.2"
          },
          "dependencies": {
            "readable-stream": {
              "version": "1.0.34",
              "resolved": "https://registry.npmjs.org/readable-stream/-/readable-stream-1.0.34.tgz",
              "integrity": "sha1-Elgg40vIQtLyqq+v5MKRbuMsFXw=",
              "requires": {
                "core-util-is": "~1.0.0",
                "inherits": "~2.0.1",
                "isarray": "0.0.1",
                "string_decoder": "~0.10.x"
              }
            },
            "through2": {
              "version": "0.6.5",
              "resolved": "https://registry.npmjs.org/through2/-/through2-0.6.5.tgz",
              "integrity": "sha1-QaucZ7KdVyCQcUEOHXp6lozTrUg=",
              "requires": {
                "readable-stream": ">=1.0.33-1 <1.1.0-0",
                "xtend": ">=4.0.0 <4.1.0-0"
              }
            }
          }
        },
        "is-valid-glob": {
          "version": "0.3.0",
          "resolved": "https://registry.npmjs.org/is-valid-glob/-/is-valid-glob-0.3.0.tgz",
          "integrity": "sha1-1LVcafUYhvm2XHDWwmItN+KfSP4="
        },
        "isarray": {
          "version": "0.0.1",
          "resolved": "https://registry.npmjs.org/isarray/-/isarray-0.0.1.tgz",
          "integrity": "sha1-ihis/Kmo9Bd+Cav8YDiTmwXR7t8="
        },
        "ordered-read-streams": {
          "version": "0.3.0",
          "resolved": "https://registry.npmjs.org/ordered-read-streams/-/ordered-read-streams-0.3.0.tgz",
          "integrity": "sha1-cTfmmzKYuzQiR6G77jiByA4v14s=",
          "requires": {
            "is-stream": "^1.0.1",
            "readable-stream": "^2.0.1"
          }
        },
        "replace-ext": {
          "version": "0.0.1",
          "resolved": "https://registry.npmjs.org/replace-ext/-/replace-ext-0.0.1.tgz",
          "integrity": "sha1-KbvZIHinOfC8zitO5B6DeVNSKSQ="
        },
        "string_decoder": {
          "version": "0.10.31",
          "resolved": "https://registry.npmjs.org/string_decoder/-/string_decoder-0.10.31.tgz",
          "integrity": "sha1-YuIDvEF2bGwoyfyEMB2rHFMQ+pQ="
        },
        "to-absolute-glob": {
          "version": "0.1.1",
          "resolved": "https://registry.npmjs.org/to-absolute-glob/-/to-absolute-glob-0.1.1.tgz",
          "integrity": "sha1-HN+kcqnvUMI57maZm2YsoOs5k38=",
          "requires": {
            "extend-shallow": "^2.0.1"
          }
        },
        "vinyl": {
          "version": "1.2.0",
          "resolved": "https://registry.npmjs.org/vinyl/-/vinyl-1.2.0.tgz",
          "integrity": "sha1-XIgDbPVl5d8FVYv8kR+GVt8hiIQ=",
          "requires": {
            "clone": "^1.0.0",
            "clone-stats": "^0.0.1",
            "replace-ext": "0.0.1"
          }
        }
      }
    },
    "vinyl-sourcemap": {
      "version": "1.1.0",
      "resolved": "https://registry.npmjs.org/vinyl-sourcemap/-/vinyl-sourcemap-1.1.0.tgz",
      "integrity": "sha1-kqgAWTo4cDqM2xHYswCtS+Y7PhY=",
      "requires": {
        "append-buffer": "^1.0.2",
        "convert-source-map": "^1.5.0",
        "graceful-fs": "^4.1.6",
        "normalize-path": "^2.1.1",
        "now-and-later": "^2.0.0",
        "remove-bom-buffer": "^3.0.0",
        "vinyl": "^2.0.0"
      }
    },
    "wrappy": {
      "version": "1.0.2",
      "resolved": "https://registry.npmjs.org/wrappy/-/wrappy-1.0.2.tgz",
      "integrity": "sha1-tSQ9jz7BqjXxNkYFvA0QNuMKtp8="
    },
    "xtend": {
      "version": "4.0.1",
      "resolved": "https://registry.npmjs.org/xtend/-/xtend-4.0.1.tgz",
      "integrity": "sha1-pcbVMr5lbiPbgg77lDofBJmNY68="
    }
  }
}
